
Microsoft Visual Studio Solution File, Format Version 12.00
# Visual Studio Version 17
VisualStudioVersion = 17.2.32630.192
MinimumVisualStudioVersion = 10.0.40219.1
Project("{FAE04EC0-301F-11D3-BF4B-00C04F79EFBC}") = "STT.WPF", "STT.WPF.csproj", "{54BFD766-4305-4F4C-BA59-AF45505DF3C1}"
EndProject
Project("{9A19103F-16F7-4668-BE54-9A1E7A4F7556}") = "STTClient", "..\STTClient\STTClient.csproj", "{56DE4091-BBBE-47E4-852D-7268B33B971F}"
EndProject
Global
	GlobalSection(SolutionConfigurationPlatforms) = preSolution
		Debug|Any CPU = Debug|Any CPU
		Debug|x64 = Debug|x64
		Release|Any CPU = Release|Any CPU
		Release|x64 = Release|x64
	EndGlobalSection
	GlobalSection(ProjectConfigurationPlatforms) = postSolution
		{54BFD766-4305-4F4C-BA59-AF45505DF3C1}.Debug|Any CPU.ActiveCfg = Debug|x64
		{54BFD766-4305-4F4C-BA59-AF45505DF3C1}.Debug|Any CPU.Build.0 = Debug|x64
		{54BFD766-4305-4F4C-BA59-AF45505DF3C1}.Debug|x64.ActiveCfg = Debug|x64
		{54BFD766-4305-4F4C-BA59-AF45505DF3C1}.Debug|x64.Build.0 = Debug|x64
		{54BFD766-4305-4F4C-BA59-AF45505DF3C1}.Release|Any CPU.ActiveCfg = Release|x64
		{54BFD766-4305-4F4C-BA59-AF45505DF3C1}.Release|Any CPU.Build.0 = Release|x64
		{54BFD766-4305-4F4C-BA59-AF45505DF3C1}.Release|x64.ActiveCfg = Release|x64
		{54BFD766-4305-4F4C-BA59-AF45505DF3C1}.Release|x64.Build.0 = Release|x64
		{56DE4091-BBBE-47E4-852D-7268B33B971F}.Debug|Any CPU.ActiveCfg = Debug|Any CPU
		{56DE4091-BBBE-47E4-852D-7268B33B971F}.Debug|Any CPU.Build.0 = Debug|Any CPU
		{56DE4091-BBBE-47E4-852D-7268B33B971F}.Debug|x64.ActiveCfg = Debug|Any CPU
		{56DE4091-BBBE-47E4-852D-7268B33B971F}.Debug|x64.Build.0 = Debug|Any CPU
		{56DE4091-BBBE-47E4-852D-7268B33B971F}.Release|Any CPU.ActiveCfg = Release|Any CPU
		{56DE4091-BBBE-47E4-852D-7268B33B971F}.Release|Any CPU.Build.0 = Release|Any CPU
		{56DE4091-BBBE-47E4-852D-7268B33B971F}.Release|x64.ActiveCfg = Release|x64
		{56DE4091-BBBE-47E4-852D-7268B33B971F}.Release|x64.Build.0 = Release|x64
	EndGlobalSection
	GlobalSection(SolutionProperties) = preSolution
		HideSolutionNode = FALSE
	EndGlobalSection
	GlobalSection(ExtensibilityGlobals) = postSolution
		SolutionGuid = {19C58802-CCEC-4FD1-8D17-A6EB766116F7}
	EndGlobalSection
EndGlobal
